
Microsoft Visual Studio Solution File, Format Version 12.00
# Visual Studio Version 17
VisualStudioVersion = 17.0.31919.166
MinimumVisualStudioVersion = 10.0.40219.1
Project("{FAE04EC0-301F-11D3-BF4B-00C04F79EFBC}") = "distant", "distant\distant.csproj", "{4D3477C7-B344-4C3D-9C68-40C37C67C701}"
EndProject
Global
	GlobalSection(SolutionConfigurationPlatforms) = preSolution
		Debug|Any CPU = Debug|Any CPU
		Release|Any CPU = Release|Any CPU
	EndGlobalSection
	GlobalSection(ProjectConfigurationPlatforms) = postSolution
		{4D3477C7-B344-4C3D-9C68-40C37C67C701}.Debug|Any CPU.ActiveCfg = Debug|Any CPU
		{4D3477C7-B344-4C3D-9C68-40C37C67C701}.Debug|Any CPU.Build.0 = Debug|Any CPU
		{4D3477C7-B344-4C3D-9C68-40C37C67C701}.Release|Any CPU.ActiveCfg = Release|Any CPU
		{4D3477C7-B344-4C3D-9C68-40C37C67C701}.Release|Any CPU.Build.0 = Release|Any CPU
	EndGlobalSection
	GlobalSection(SolutionProperties) = preSolution
		HideSolutionNode = FALSE
	EndGlobalSection
	GlobalSection(ExtensibilityGlobals) = postSolution
		SolutionGuid = {D4B33746-C12E-441E-B29D-EAA28DEFC93A}
	EndGlobalSection
EndGlobal
